# This file is automatically @generated by Poetry 1.4.2 and should not be changed by hand.

[[package]]
name = "serverlogic"
version = "1.0.0"
description = "APRP server logic"
category = "main"
optional = false
  python-versions = ">=3.8,<3.12"
files = []
develop = true

[package.source]
type = "directory"
url = "packages/server/packages/logic"

[metadata]
lock-version = "2.0"
  python-versions = ">=3.8,<3.12"
content-hash = "554b030978e54a106ac69c62f143f01b77a2a346fbb0d0b2ed09121ad1797a48"
